{
  "name": "xksuid",
  "version": "0.0.4",
  "lockfileVersion": 2,
  "requires": true,
  "packages": {
    "": {
      "name": "xksuid",
      "version": "0.0.4",
      "license": "MIT",
      "devDependencies": {
        "tiny-jest": "^1.2.1"
      }
    },
    "node_modules/tiny-jest": {
      "version": "1.2.1",
      "resolved": "https://registry.npmjs.org/tiny-jest/-/tiny-jest-1.2.1.tgz",
      "integrity": "sha512-Nuskpk1sY1B37g7DL+IwoutmCFGVrwGZeMt12rPicIWtxY1mvJMyNzUWB8Jg/BDS8zqWIZWI64GFeIO3yeGIng==",
      "dev": true
    }
  },
  "dependencies": {
    "tiny-jest": {
      "version": "1.2.1",
      "resolved": "https://registry.npmjs.org/tiny-jest/-/tiny-jest-1.2.1.tgz",
      "integrity": "sha512-Nuskpk1sY1B37g7DL+IwoutmCFGVrwGZeMt12rPicIWtxY1mvJMyNzUWB8Jg/BDS8zqWIZWI64GFeIO3yeGIng==",
      "dev": true
    }
  }
}
